{
  "version": 4,
  "terraform_version": "1.6.2",
  "serial": 8,
  "lineage": "50bd1e5c-f808-621d-d9b0-e504757e0bc3",
  "outputs": {},
  "resources": [
    {
      "mode": "managed",
      "type": "aws_cloudwatch_dashboard",
      "name": "main",
      "provider": "provider[\"registry.terraform.io/hashicorp/aws\"]",
      "instances": [
        {
          "schema_version": 0,
          "attributes": {
            "dashboard_arn": "arn:aws:cloudwatch::244530008913:dashboard/mada060",
            "dashboard_body": "{\n  \"widgets\": [\n    {\n      \"type\": \"metric\",\n      \"x\": 0,\n      \"y\": 0,\n      \"width\": 12,\n      \"height\": 6,\n      \"properties\": {\n        \"metrics\": [\n          [\n            \"mada060\",\n            \"account_count.value\"\n          ]\n        ],\n        \"period\": 300,\n        \"stat\": \"Maximum\",\n        \"region\": \"eu-west-1\",\n        \"title\": \"Total number of accounts\"\n      }\n    },\n    {\n      \"type\": \"metric\",\n      \"x\": 0,\n      \"y\": 6,\n      \"width\": 12,\n      \"height\": 6,\n      \"properties\": {\n        \"metrics\": [\n          [\n            \"mada060\",\n            \"bank_sum.value\"\n          ]\n        ],\n        \"period\": 300,\n        \"stat\": \"Maximum\",\n        \"region\": \"eu-west-1\",\n        \"title\": \"Total Sum of bank account\"\n      }\n    }\n  ]\n}\n",
            "dashboard_name": "mada060",
            "id": "mada060"
          },
          "sensitive_attributes": [],
          "private": "bnVsbA=="
        }
      ]
    },
    {
      "module": "module.alarm",
      "mode": "managed",
      "type": "aws_cloudwatch_metric_alarm",
      "name": "threshold",
      "provider": "provider[\"registry.terraform.io/hashicorp/aws\"]",
      "instances": [
        {
          "schema_version": 1,
          "attributes": {
            "actions_enabled": true,
            "alarm_actions": [
              "arn:aws:sns:eu-west-1:244530008913:mada060-alarm-topic"
            ],
            "alarm_description": "This alarm goes off as soon as the total amount of money in the bank exceeds an amount ",
            "alarm_name": "mada060-threshold",
            "arn": "arn:aws:cloudwatch:eu-west-1:244530008913:alarm:mada060-threshold",
            "comparison_operator": "GreaterThanThreshold",
            "datapoints_to_alarm": 0,
            "dimensions": {},
            "evaluate_low_sample_count_percentiles": "",
            "evaluation_periods": 2,
            "extended_statistic": "",
            "id": "mada060-threshold",
            "insufficient_data_actions": [],
            "metric_name": "bank_sum.value",
            "metric_query": [],
            "namespace": "mada060",
            "ok_actions": [],
            "period": 60,
            "statistic": "Maximum",
            "tags": {},
            "tags_all": {},
            "threshold": 50,
            "threshold_metric_id": "",
            "treat_missing_data": "missing",
            "unit": ""
          },
          "sensitive_attributes": [],
          "private": "eyJzY2hlbWFfdmVyc2lvbiI6IjEifQ==",
          "dependencies": [
            "module.alarm.aws_sns_topic.user_updates"
          ]
        }
      ]
    },
    {
      "module": "module.alarm",
      "mode": "managed",
      "type": "aws_sns_topic",
      "name": "user_updates",
      "provider": "provider[\"registry.terraform.io/hashicorp/aws\"]",
      "instances": [
        {
          "schema_version": 0,
          "attributes": {
            "application_failure_feedback_role_arn": "",
            "application_success_feedback_role_arn": "",
            "application_success_feedback_sample_rate": 0,
            "arn": "arn:aws:sns:eu-west-1:244530008913:mada060-alarm-topic",
            "content_based_deduplication": false,
            "delivery_policy": "",
            "display_name": "",
            "fifo_topic": false,
            "firehose_failure_feedback_role_arn": "",
            "firehose_success_feedback_role_arn": "",
            "firehose_success_feedback_sample_rate": 0,
            "http_failure_feedback_role_arn": "",
            "http_success_feedback_role_arn": "",
            "http_success_feedback_sample_rate": 0,
            "id": "arn:aws:sns:eu-west-1:244530008913:mada060-alarm-topic",
            "kms_master_key_id": "",
            "lambda_failure_feedback_role_arn": "",
            "lambda_success_feedback_role_arn": "",
            "lambda_success_feedback_sample_rate": 0,
            "name": "mada060-alarm-topic",
            "name_prefix": "",
            "owner": "244530008913",
            "policy": "{\"Version\":\"2008-10-17\",\"Id\":\"__default_policy_ID\",\"Statement\":[{\"Sid\":\"__default_statement_ID\",\"Effect\":\"Allow\",\"Principal\":{\"AWS\":\"*\"},\"Action\":[\"SNS:GetTopicAttributes\",\"SNS:SetTopicAttributes\",\"SNS:AddPermission\",\"SNS:RemovePermission\",\"SNS:DeleteTopic\",\"SNS:Subscribe\",\"SNS:ListSubscriptionsByTopic\",\"SNS:Publish\"],\"Resource\":\"arn:aws:sns:eu-west-1:244530008913:mada060-alarm-topic\",\"Condition\":{\"StringEquals\":{\"AWS:SourceOwner\":\"244530008913\"}}}]}",
            "sqs_failure_feedback_role_arn": "",
            "sqs_success_feedback_role_arn": "",
            "sqs_success_feedback_sample_rate": 0,
            "tags": {},
            "tags_all": {}
          },
          "sensitive_attributes": [],
          "private": "bnVsbA=="
        }
      ]
    },
    {
      "module": "module.alarm",
      "mode": "managed",
      "type": "aws_sns_topic_subscription",
      "name": "user_updates_sqs_target",
      "provider": "provider[\"registry.terraform.io/hashicorp/aws\"]",
      "instances": [
        {
          "schema_version": 0,
          "attributes": {
            "arn": "arn:aws:sns:eu-west-1:244530008913:mada060-alarm-topic:6a3af97b-5400-4018-bfb7-6a5238ba8c77",
            "confirmation_timeout_in_minutes": 1,
            "confirmation_was_authenticated": false,
            "delivery_policy": "",
            "endpoint": "mada060@student.kristiania.no",
            "endpoint_auto_confirms": false,
            "filter_policy": "",
            "id": "arn:aws:sns:eu-west-1:244530008913:mada060-alarm-topic:6a3af97b-5400-4018-bfb7-6a5238ba8c77",
            "owner_id": "244530008913",
            "pending_confirmation": false,
            "protocol": "email",
            "raw_message_delivery": false,
            "redrive_policy": "",
            "subscription_role_arn": "",
            "topic_arn": "arn:aws:sns:eu-west-1:244530008913:mada060-alarm-topic"
          },
          "sensitive_attributes": [],
          "private": "bnVsbA==",
          "dependencies": [
            "module.alarm.aws_sns_topic.user_updates"
          ]
        }
      ]
    }
  ],
  "check_results": null
}
